{
  "name": "client",
  "lockfileVersion": 2,
  "requires": true,
  "packages": {
    "": {
      "dependencies": {
        "@tiki.vn/tini-style": "^0.12.0"
      }
    },
    "node_modules/@tiki.vn/tini-style": {
      "version": "0.12.0",
      "resolved": "https://registry.npmjs.org/@tiki.vn/tini-style/-/tini-style-0.12.0.tgz",
      "integrity": "sha512-4swSXhnEA18o82it0NPmBzJ00fO6wJCqZTZhxzNimDVWHYWtjbWVKia1ipsbAxYkmBkdAJZf/2kW8eQ75Rqzlg=="
    }
  },
  "dependencies": {
    "@tiki.vn/tini-style": {
      "version": "0.12.0",
      "resolved": "https://registry.npmjs.org/@tiki.vn/tini-style/-/tini-style-0.12.0.tgz",
      "integrity": "sha512-4swSXhnEA18o82it0NPmBzJ00fO6wJCqZTZhxzNimDVWHYWtjbWVKia1ipsbAxYkmBkdAJZf/2kW8eQ75Rqzlg=="
    }
  }
}
